<Project ToolsVersion="4.0" xmlns="http://schemas.microsoft.com/developer/msbuild/2003">
  <ItemGroup>
    <Filter Include="Source Files">
      <UniqueIdentifier>{4FC737F1-C7A5-4376-A066-2A32D752A2FF}</UniqueIdentifier>
      <Extensions>cpp;c;cc;cxx;def;odl;idl;hpj;bat;asm;asmx</Extensions>
    </Filter>
    <Filter Include="Header Files">
      <UniqueIdentifier>{93995380-89BD-4b04-88EB-625FBE52EBFB}</UniqueIdentifier>
      <Extensions>h;hpp;hxx;hm;inl;inc;xsd</Extensions>
    </Filter>
    <Filter Include="Resource Files">
      <UniqueIdentifier>{67DA6AB6-F800-4c08-8B7A-83BB121AAD01}</UniqueIdentifier>
      <Extensions>rc;ico;cur;bmp;dlg;rc2;rct;bin;rgs;gif;jpg;jpeg;jpe;resx;tiff;tif;png;wav</Extensions>
    </Filter>
    <Filter Include="Blocks">
      <UniqueIdentifier>{BDD9282E-F9BB-4D81-A60C-9F0F0D647F41}</UniqueIdentifier>
    </Filter>
    <Filter Include="Blocks\PretzelGUI">
      <UniqueIdentifier>{EE690703-A8E9-4895-B6CF-E9E4C6D55837}</UniqueIdentifier>
    </Filter>
    <Filter Include="Blocks\PretzelGUI\src">
      <UniqueIdentifier>{E0182D1A-BC6C-4FDD-B1A6-6BE2B0F8BE54}</UniqueIdentifier>
    </Filter>
    <Filter Include="Blocks\PretzelGUI\src\pretzel">
      <UniqueIdentifier>{887304BE-012E-4B46-9D9E-2FFE54B5FF71}</UniqueIdentifier>
    </Filter>
    <Filter Include="Blocks\PretzelGUI\src\modules">
      <UniqueIdentifier>{56E88A89-CD7B-4E7A-A5F2-FF1B8758B15A}</UniqueIdentifier>
    </Filter>
    <Filter Include="Blocks\PretzelGUI\src\components">
      <UniqueIdentifier>{34FA2D0D-43C2-4E8B-90AB-98ED56DAE78B}</UniqueIdentifier>
    </Filter>
  </ItemGroup>
  <ItemGroup>
    <ClCompile Include="..\src\CinderProjectApp.cpp">
      <Filter>Source Files</Filter>
    </ClCompile>
    <ClCompile Include="..\src\CinderProjectApp.cpp">
      <Filter>Source Files</Filter>
    </ClCompile>
    <ClInclude Include="..\include\Resources.h">
      <Filter>Header Files</Filter>
    </ClInclude>
    <ClInclude Include="..\..\..\..\blocks\PretzelGui\src\pretzel\PretzelGlobal.h">
      <Filter>Blocks\PretzelGUI\src\pretzel</Filter>
    </ClInclude>
    <ClInclude Include="..\..\..\..\blocks\PretzelGui\src\pretzel\PretzelGui.h">
      <Filter>Blocks\PretzelGUI\src\pretzel</Filter>
    </ClInclude>
    <ClInclude Include="..\..\..\..\blocks\PretzelGui\src\modules\PretzelButton.h">
      <Filter>Blocks\PretzelGUI\src\modules</Filter>
    </ClInclude>
    <ClInclude Include="..\..\..\..\blocks\PretzelGui\src\modules\PretzelColorPicker.h">
      <Filter>Blocks\PretzelGUI\src\modules</Filter>
    </ClInclude>
    <ClInclude Include="..\..\..\..\blocks\PretzelGui\src\modules\PretzelEnum.h">
      <Filter>Blocks\PretzelGUI\src\modules</Filter>
    </ClInclude>
    <ClInclude Include="..\..\..\..\blocks\PretzelGui\src\modules\PretzelLabel.h">
      <Filter>Blocks\PretzelGUI\src\modules</Filter>
    </ClInclude>
    <ClInclude Include="..\..\..\..\blocks\PretzelGui\src\modules\PretzelSaveLoad.h">
      <Filter>Blocks\PretzelGUI\src\modules</Filter>
    </ClInclude>
    <ClInclude Include="..\..\..\..\blocks\PretzelGui\src\modules\PretzelShaders.h">
      <Filter>Blocks\PretzelGUI\src\modules</Filter>
    </ClInclude>
    <ClInclude Include="..\..\..\..\blocks\PretzelGui\src\modules\PretzelSlider.h">
      <Filter>Blocks\PretzelGUI\src\modules</Filter>
    </ClInclude>
    <ClInclude Include="..\..\..\..\blocks\PretzelGui\src\modules\PretzelTextField.h">
      <Filter>Blocks\PretzelGUI\src\modules</Filter>
    </ClInclude>
    <ClInclude Include="..\..\..\..\blocks\PretzelGui\src\modules\PretzelToggle.h">
      <Filter>Blocks\PretzelGUI\src\modules</Filter>
    </ClInclude>
    <ClInclude Include="..\..\..\..\blocks\PretzelGui\src\components\BasePretzel.h">
      <Filter>Blocks\PretzelGUI\src\components</Filter>
    </ClInclude>
    <ClInclude Include="..\..\..\..\blocks\PretzelGui\src\components\PretzelRoot.h">
      <Filter>Blocks\PretzelGUI\src\components</Filter>
    </ClInclude>
    <ClInclude Include="..\..\..\..\blocks\PretzelGui\src\components\PretzelRow.h">
      <Filter>Blocks\PretzelGUI\src\components</Filter>
    </ClInclude>
    <ClInclude Include="..\..\..\..\blocks\PretzelGui\src\components\ScrollPane.h">
      <Filter>Blocks\PretzelGUI\src\components</Filter>
    </ClInclude>
    <ClInclude Include="..\..\..\..\blocks\PretzelGui\src\components\WindowSystem.h">
      <Filter>Blocks\PretzelGUI\src\components</Filter>
    </ClInclude>
    <ClCompile Include="..\..\..\..\blocks\PretzelGui\src\components\BasePretzel.cpp">
      <Filter>Blocks\PretzelGUI\src\components</Filter>
    </ClCompile>
    <ClCompile Include="..\..\..\..\blocks\PretzelGui\src\components\PretzelRoot.cpp">
      <Filter>Blocks\PretzelGUI\src\components</Filter>
    </ClCompile>
    <ClCompile Include="..\..\..\..\blocks\PretzelGui\src\components\PretzelRow.cpp">
      <Filter>Blocks\PretzelGUI\src\components</Filter>
    </ClCompile>
    <ClCompile Include="..\..\..\..\blocks\PretzelGui\src\components\ScrollPane.cpp">
      <Filter>Blocks\PretzelGUI\src\components</Filter>
    </ClCompile>
    <ClCompile Include="..\..\..\..\blocks\PretzelGui\src\components\WindowSystem.cpp">
      <Filter>Blocks\PretzelGUI\src\components</Filter>
    </ClCompile>
    <ClCompile Include="..\..\..\..\blocks\PretzelGui\src\modules\PretzelButton.cpp">
      <Filter>Blocks\PretzelGUI\src\modules</Filter>
    </ClCompile>
    <ClCompile Include="..\..\..\..\blocks\PretzelGui\src\modules\PretzelColorPicker.cpp">
      <Filter>Blocks\PretzelGUI\src\modules</Filter>
    </ClCompile>
    <ClCompile Include="..\..\..\..\blocks\PretzelGui\src\modules\PretzelEnum.cpp">
      <Filter>Blocks\PretzelGUI\src\modules</Filter>
    </ClCompile>
    <ClCompile Include="..\..\..\..\blocks\PretzelGui\src\modules\PretzelLabel.cpp">
      <Filter>Blocks\PretzelGUI\src\modules</Filter>
    </ClCompile>
    <ClCompile Include="..\..\..\..\blocks\PretzelGui\src\modules\PretzelSaveLoad.cpp">
      <Filter>Blocks\PretzelGUI\src\modules</Filter>
    </ClCompile>
    <ClCompile Include="..\..\..\..\blocks\PretzelGui\src\modules\PretzelSlider.cpp">
      <Filter>Blocks\PretzelGUI\src\modules</Filter>
    </ClCompile>
    <ClCompile Include="..\..\..\..\blocks\PretzelGui\src\modules\PretzelTextField.cpp">
      <Filter>Blocks\PretzelGUI\src\modules</Filter>
    </ClCompile>
    <ClCompile Include="..\..\..\..\blocks\PretzelGui\src\modules\PretzelToggle.cpp">
      <Filter>Blocks\PretzelGUI\src\modules</Filter>
    </ClCompile>
    <ClCompile Include="..\..\..\..\blocks\PretzelGui\src\pretzel\PretzelGlobal.cpp">
      <Filter>Blocks\PretzelGUI\src\pretzel</Filter>
    </ClCompile>
    <ClCompile Include="..\..\..\..\blocks\PretzelGui\src\pretzel\PretzelGui.cpp">
      <Filter>Blocks\PretzelGUI\src\pretzel</Filter>
    </ClCompile>
  </ItemGroup>
  <ItemGroup>
    <ClInclude Include="..\include\Resources.h">
      <Filter>Header Files</Filter>
    </ClInclude>
  </ItemGroup>
  <ItemGroup>
    <ResourceCompile Include="Resources.rc">
      <Filter>Resource Files</Filter>
    </ResourceCompile>
  </ItemGroup>
</Project>
